hash: 336f7f0ffc0142e6ad091732ae72587f707125270680a8ea11bb44f4779377ab
updated: 2017-10-23T21:30:40.890523796-04:00
imports:
- name: github.com/kelseyhightower/envconfig
  version: f611eb38b3875cc3bd991ca91c51d06446afa14c
- name: github.com/oschwald/geoip2-golang
  version: 5b1dc16861f81d05d9836bb21c2d0d65282fc0b8
- name: github.com/oschwald/maxminddb-golang
  version: 26fe5ace1c706491c2936119e1dc69c1a9c04d7f
- name: golang.org/x/sys
  version: a1a1f1746d156bbc9954f29134b20ed4ce2752f1
  subpackages:
  - unix
  - windows
testImports: []
